
Microsoft Visual Studio Solution File, Format Version 12.00
# Visual Studio 14
VisualStudioVersion = 14.0.24720.0
MinimumVisualStudioVersion = 10.0.40219.1
Project("{FAE04EC0-301F-11D3-BF4B-00C04F79EFBC}") = "Ranta.UEditor.WebForm", "Ranta.UEditor.WebForm\Ranta.UEditor.WebForm.csproj", "{4CDBB756-A2B6-456A-AD32-9275EAEEE46E}"
EndProject
Project("{FAE04EC0-301F-11D3-BF4B-00C04F79EFBC}") = "Ranta.UEditor.Mvc", "Ranta.UEditor.Mvc\Ranta.UEditor.Mvc.csproj", "{5F917BE4-DBA6-47E3-AC3B-0496AD010926}"
EndProject
Global
	GlobalSection(SolutionConfigurationPlatforms) = preSolution
		Debug|Any CPU = Debug|Any CPU
		Release|Any CPU = Release|Any CPU
	EndGlobalSection
	GlobalSection(ProjectConfigurationPlatforms) = postSolution
		{4CDBB756-A2B6-456A-AD32-9275EAEEE46E}.Debug|Any CPU.ActiveCfg = Debug|Any CPU
		{4CDBB756-A2B6-456A-AD32-9275EAEEE46E}.Debug|Any CPU.Build.0 = Debug|Any CPU
		{4CDBB756-A2B6-456A-AD32-9275EAEEE46E}.Release|Any CPU.ActiveCfg = Release|Any CPU
		{4CDBB756-A2B6-456A-AD32-9275EAEEE46E}.Release|Any CPU.Build.0 = Release|Any CPU
		{5F917BE4-DBA6-47E3-AC3B-0496AD010926}.Debug|Any CPU.ActiveCfg = Debug|Any CPU
		{5F917BE4-DBA6-47E3-AC3B-0496AD010926}.Debug|Any CPU.Build.0 = Debug|Any CPU
		{5F917BE4-DBA6-47E3-AC3B-0496AD010926}.Release|Any CPU.ActiveCfg = Release|Any CPU
		{5F917BE4-DBA6-47E3-AC3B-0496AD010926}.Release|Any CPU.Build.0 = Release|Any CPU
	EndGlobalSection
	GlobalSection(SolutionProperties) = preSolution
		HideSolutionNode = FALSE
	EndGlobalSection
EndGlobal
